
Microsoft Visual Studio Solution File, Format Version 12.00
# Visual Studio Version 17
VisualStudioVersion = 17.14.36414.22
MinimumVisualStudioVersion = 10.0.40219.1
Project("{FAE04EC0-301F-11D3-BF4B-00C04F79EFBC}") = "Final project", "Final project 25%\Final project.csproj", "{AD6438E8-E216-48F8-B69F-DA761EFE2B85}"
EndProject
Global
	GlobalSection(SolutionConfigurationPlatforms) = preSolution
		Debug|Any CPU = Debug|Any CPU
		Release|Any CPU = Release|Any CPU
	EndGlobalSection
	GlobalSection(ProjectConfigurationPlatforms) = postSolution
		{AD6438E8-E216-48F8-B69F-DA761EFE2B85}.Debug|Any CPU.ActiveCfg = Debug|Any CPU
		{AD6438E8-E216-48F8-B69F-DA761EFE2B85}.Debug|Any CPU.Build.0 = Debug|Any CPU
		{AD6438E8-E216-48F8-B69F-DA761EFE2B85}.Release|Any CPU.ActiveCfg = Release|Any CPU
		{AD6438E8-E216-48F8-B69F-DA761EFE2B85}.Release|Any CPU.Build.0 = Release|Any CPU
	EndGlobalSection
	GlobalSection(SolutionProperties) = preSolution
		HideSolutionNode = FALSE
	EndGlobalSection
	GlobalSection(ExtensibilityGlobals) = postSolution
		SolutionGuid = {5342091C-8364-4747-9D16-B81BAC8FA6ED}
	EndGlobalSection
EndGlobal
