
Microsoft Visual Studio Solution File, Format Version 12.00
# Visual Studio Version 17
VisualStudioVersion = 17.14.36414.22
MinimumVisualStudioVersion = 10.0.40219.1
Project("{FAE04EC0-301F-11D3-BF4B-00C04F79EFBC}") = "FINAL PROJECT - VP", "FINAL PROJECT - VP\FINAL PROJECT - VP.csproj", "{E690D265-E3D5-40EE-A31F-72969BD25699}"
EndProject
Global
	GlobalSection(SolutionConfigurationPlatforms) = preSolution
		Debug|Any CPU = Debug|Any CPU
		Release|Any CPU = Release|Any CPU
	EndGlobalSection
	GlobalSection(ProjectConfigurationPlatforms) = postSolution
		{E690D265-E3D5-40EE-A31F-72969BD25699}.Debug|Any CPU.ActiveCfg = Debug|Any CPU
		{E690D265-E3D5-40EE-A31F-72969BD25699}.Debug|Any CPU.Build.0 = Debug|Any CPU
		{E690D265-E3D5-40EE-A31F-72969BD25699}.Release|Any CPU.ActiveCfg = Release|Any CPU
		{E690D265-E3D5-40EE-A31F-72969BD25699}.Release|Any CPU.Build.0 = Release|Any CPU
	EndGlobalSection
	GlobalSection(SolutionProperties) = preSolution
		HideSolutionNode = FALSE
	EndGlobalSection
	GlobalSection(ExtensibilityGlobals) = postSolution
		SolutionGuid = {880836B7-DF4C-4CA1-80A0-EC21EF789134}
	EndGlobalSection
EndGlobal
